PODS:
  - Alamofire (4.7.0)
  - HydraAsync (1.2.1)
  - SwiftyJSON (4.0.0)

DEPENDENCIES:
  - Alamofire (~> 4.7)
  - HydraAsync
  - SwiftyJSON

SPEC CHECKSUMS:
  Alamofire: 907e0a98eb68cdb7f9d1f541a563d6ac5dc77b25
  HydraAsync: 8f2ab62d57e140b4ca587ae0f66e1eb04e8e6965
  SwiftyJSON: 070dabdcb1beb81b247c65ffa3a79dbbfb3b48aa

PODFILE CHECKSUM: 8949c8266a084a8e4b7a9f08075ac0e803946b3a

COCOAPODS: 1.4.0
